// !$*UTF8*$!
{
	archiveVersion = 1;
	classes = {
	};
	objectVersion = 56;
	objects = {

/* Begin PBXBuildFile section */
		1A5CA7899BC0D829943A7117 /* Pods_demo_ios.framework in Frameworks */ = {isa = PBXBuildFile; fileRef = 9813411A213924B4238F293E /* Pods_demo_ios.framework */; };
		C9434D072AD63E8100FC7903 /* CameraControlCommandV2View.swift in Sources */ = {isa = PBXBuildFile; fileRef = C9434D062AD63E8100FC7903 /* CameraControlCommandV2View.swift */; };
		C9717B552C042C8F002EA4CD /* WebApiUtil.swift in Sources */ = {isa = PBXBuildFile; fileRef = C9717B542C042C8F002EA4CD /* WebApiUtil.swift */; };
		C98E162529C1DABF00054429 /* ThetaBleApi.swift in Sources */ = {isa = PBXBuildFile; fileRef = C98E162429C1DABF00054429 /* ThetaBleApi.swift */; };
		C993A6F029C1D8ED00E2631D /* demo_iosApp.swift in Sources */ = {isa = PBXBuildFile; fileRef = C993A6EF29C1D8ED00E2631D /* demo_iosApp.swift */; };
		C993A6F229C1D8ED00E2631D /* ContentView.swift in Sources */ = {isa = PBXBuildFile; fileRef = C993A6F129C1D8ED00E2631D /* ContentView.swift */; };
		C993A6F429C1D8F000E2631D /* Assets.xcassets in Resources */ = {isa = PBXBuildFile; fileRef = C993A6F329C1D8F000E2631D /* Assets.xcassets */; };
		C993A6F729C1D8F000E2631D /* Preview Assets.xcassets in Resources */ = {isa = PBXBuildFile; fileRef = C993A6F629C1D8F000E2631D /* Preview Assets.xcassets */; };
		C9CEC3B829ED350100EA12D5 /* CameraStatusView.swift in Sources */ = {isa = PBXBuildFile; fileRef = C9CEC3B729ED350100EA12D5 /* CameraStatusView.swift */; };
/* End PBXBuildFile section */

/* Begin PBXFileReference section */
		44D1D28D01F452A8D0329EF8 /* Pods-demo-ios.debug.xcconfig */ = {isa = PBXFileReference; includeInIndex = 1; lastKnownFileType = text.xcconfig; name = "Pods-demo-ios.debug.xcconfig"; path = "Target Support Files/Pods-demo-ios/Pods-demo-ios.debug.xcconfig"; sourceTree = "<group>"; };
		5B617CB2EB69FF6F4ACAF615 /* Pods-demo-ios.release.xcconfig */ = {isa = PBXFileReference; includeInIndex = 1; lastKnownFileType = text.xcconfig; name = "Pods-demo-ios.release.xcconfig"; path = "Target Support Files/Pods-demo-ios/Pods-demo-ios.release.xcconfig"; sourceTree = "<group>"; };
		9813411A213924B4238F293E /* Pods_demo_ios.framework */ = {isa = PBXFileReference; explicitFileType = wrapper.framework; includeInIndex = 0; path = Pods_demo_ios.framework; sourceTree = BUILT_PRODUCTS_DIR; };
		C9434D062AD63E8100FC7903 /* CameraControlCommandV2View.swift */ = {isa = PBXFileReference; lastKnownFileType = sourcecode.swift; path = CameraControlCommandV2View.swift; sourceTree = "<group>"; };
		C9717B542C042C8F002EA4CD /* WebApiUtil.swift */ = {isa = PBXFileReference; lastKnownFileType = sourcecode.swift; path = WebApiUtil.swift; sourceTree = "<group>"; };
		C98E162429C1DABF00054429 /* ThetaBleApi.swift */ = {isa = PBXFileReference; fileEncoding = 4; lastKnownFileType = sourcecode.swift; path = ThetaBleApi.swift; sourceTree = "<group>"; };
		C993A6EC29C1D8ED00E2631D /* demo-ios.app */ = {isa = PBXFileReference; explicitFileType = wrapper.application; includeInIndex = 0; path = "demo-ios.app"; sourceTree = BUILT_PRODUCTS_DIR; };
		C993A6EF29C1D8ED00E2631D /* demo_iosApp.swift */ = {isa = PBXFileReference; lastKnownFileType = sourcecode.swift; path = demo_iosApp.swift; sourceTree = "<group>"; };
		C993A6F129C1D8ED00E2631D /* ContentView.swift */ = {isa = PBXFileReference; lastKnownFileType = sourcecode.swift; path = ContentView.swift; sourceTree = "<group>"; };
		C993A6F329C1D8F000E2631D /* Assets.xcassets */ = {isa = PBXFileReference; lastKnownFileType = folder.assetcatalog; path = Assets.xcassets; sourceTree = "<group>"; };
		C993A6F629C1D8F000E2631D /* Preview Assets.xcassets */ = {isa = PBXFileReference; lastKnownFileType = folder.assetcatalog; path = "Preview Assets.xcassets"; sourceTree = "<group>"; };
		C9CEC3B729ED350100EA12D5 /* CameraStatusView.swift */ = {isa = PBXFileReference; fileEncoding = 4; lastKnownFileType = sourcecode.swift; path = CameraStatusView.swift; sourceTree = "<group>"; };
/* End PBXFileReference section */

/* Begin PBXFrameworksBuildPhase section */
		C993A6E929C1D8ED00E2631D /* Frameworks */ = {
			isa = PBXFrameworksBuildPhase;
			buildActionMask = 2147483647;
			files = (
				1A5CA7899BC0D829943A7117 /* Pods_demo_ios.framework in Frameworks */,
			);
			runOnlyForDeploymentPostprocessing = 0;
		};
/* End PBXFrameworksBuildPhase section */

/* Begin PBXGroup section */
		51CA0FA6D9A47C2761297472 /* Frameworks */ = {
			isa = PBXGroup;
			children = (
				9813411A213924B4238F293E /* Pods_demo_ios.framework */,
			);
			name = Frameworks;
			sourceTree = "<group>";
		};
		8CF7916F809E0D0684E29B29 /* Pods */ = {
			isa = PBXGroup;
			children = (
				44D1D28D01F452A8D0329EF8 /* Pods-demo-ios.debug.xcconfig */,
				5B617CB2EB69FF6F4ACAF615 /* Pods-demo-ios.release.xcconfig */,
			);
			path = Pods;
			sourceTree = "<group>";
		};
		C993A6E329C1D8ED00E2631D = {
			isa = PBXGroup;
			children = (
				C993A6EE29C1D8ED00E2631D /* demo-ios */,
				C993A6ED29C1D8ED00E2631D /* Products */,
				8CF7916F809E0D0684E29B29 /* Pods */,
				51CA0FA6D9A47C2761297472 /* Frameworks */,
			);
			sourceTree = "<group>";
		};
		C993A6ED29C1D8ED00E2631D /* Products */ = {
			isa = PBXGroup;
			children = (
				C993A6EC29C1D8ED00E2631D /* demo-ios.app */,
			);
			name = Products;
			sourceTree = "<group>";
		};
		C993A6EE29C1D8ED00E2631D /* demo-ios */ = {
			isa = PBXGroup;
			children = (
				C98E162429C1DABF00054429 /* ThetaBleApi.swift */,
				C993A6EF29C1D8ED00E2631D /* demo_iosApp.swift */,
				C993A6F129C1D8ED00E2631D /* ContentView.swift */,
				C9434D062AD63E8100FC7903 /* CameraControlCommandV2View.swift */,
				C9CEC3B729ED350100EA12D5 /* CameraStatusView.swift */,
				C993A6F329C1D8F000E2631D /* Assets.xcassets */,
				C993A6F529C1D8F000E2631D /* Preview Content */,
				C9717B542C042C8F002EA4CD /* WebApiUtil.swift */,
			);
			path = "demo-ios";
			sourceTree = "<group>";
		};
		C993A6F529C1D8F000E2631D /* Preview Content */ = {
			isa = PBXGroup;
			children = (
				C993A6F629C1D8F000E2631D /* Preview Assets.xcassets */,
			);
			path = "Preview Content";
			sourceTree = "<group>";
		};
/* End PBXGroup section */

/* Begin PBXNativeTarget section */
		C993A6EB29C1D8ED00E2631D /* demo-ios */ = {
			isa = PBXNativeTarget;
			buildConfigurationList = C993A6FA29C1D8F000E2631D /* Build configuration list for PBXNativeTarget "demo-ios" */;
			buildPhases = (
				2A62176866E7C0BD0A0164AA /* [CP] Check Pods Manifest.lock */,
				C993A6E829C1D8ED00E2631D /* Sources */,
				C993A6E929C1D8ED00E2631D /* Frameworks */,
				C993A6EA29C1D8ED00E2631D /* Resources */,
				4A9BB429D76C02647AE12C50 /* [CP] Embed Pods Frameworks */,
			);
			buildRules = (
			);
			dependencies = (
			);
			name = "demo-ios";
			productName = "demo-ios";
			productReference = C993A6EC29C1D8ED00E2631D /* demo-ios.app */;
			productType = "com.apple.product-type.application";
		};
/* End PBXNativeTarget section */

/* Begin PBXProject section */
		C993A6E429C1D8ED00E2631D /* Project object */ = {
			isa = PBXProject;
			attributes = {
				BuildIndependentTargetsInParallel = 1;
				LastSwiftUpdateCheck = 1420;
				LastUpgradeCheck = 1420;
				TargetAttributes = {
					C993A6EB29C1D8ED00E2631D = {
						CreatedOnToolsVersion = 14.2;
					};
				};
			};
			buildConfigurationList = C993A6E729C1D8ED00E2631D /* Build configuration list for PBXProject "demo-ios" */;
			compatibilityVersion = "Xcode 14.0";
			developmentRegion = en;
			hasScannedForEncodings = 0;
			knownRegions = (
				en,
				Base,
			);
			mainGroup = C993A6E329C1D8ED00E2631D;
			productRefGroup = C993A6ED29C1D8ED00E2631D /* Products */;
			projectDirPath = "";
			projectRoot = "";
			targets = (
				C993A6EB29C1D8ED00E2631D /* demo-ios */,
			);
		};
/* End PBXProject section */

/* Begin PBXResourcesBuildPhase section */
		C993A6EA29C1D8ED00E2631D /* Resources */ = {
			isa = PBXResourcesBuildPhase;
			buildActionMask = 2147483647;
			files = (
				C993A6F729C1D8F000E2631D /* Preview Assets.xcassets in Resources */,
				C993A6F429C1D8F000E2631D /* Assets.xcassets in Resources */,
			);
			runOnlyForDeploymentPostprocessing = 0;
		};
/* End PBXResourcesBuildPhase section */

/* Begin PBXShellScriptBuildPhase section */
		2A62176866E7C0BD0A0164AA /* [CP] Check Pods Manifest.lock */ = {
			isa = PBXShellScriptBuildPhase;
			buildActionMask = 2147483647;
			files = (
			);
			inputFileListPaths = (
			);
			inputPaths = (
				"${PODS_PODFILE_DIR_PATH}/Podfile.lock",
				"${PODS_ROOT}/Manifest.lock",
			);
			name = "[CP] Check Pods Manifest.lock";
			outputFileListPaths = (
			);
			outputPaths = (
				"$(DERIVED_FILE_DIR)/Pods-demo-ios-checkManifestLockResult.txt",
			);
			runOnlyForDeploymentPostprocessing = 0;
			shellPath = /bin/sh;
			shellScript = "diff \"${PODS_PODFILE_DIR_PATH}/Podfile.lock\" \"${PODS_ROOT}/Manifest.lock\" > /dev/null\nif [ $? != 0 ] ; then\n    # print error to STDERR\n    echo \"error: The sandbox is not in sync with the Podfile.lock. Run 'pod install' or update your CocoaPods installation.\" >&2\n    exit 1\nfi\n# This output is used by Xcode 'outputs' to avoid re-running this script phase.\necho \"SUCCESS\" > \"${SCRIPT_OUTPUT_FILE_0}\"\n";
			showEnvVarsInLog = 0;
		};
		4A9BB429D76C02647AE12C50 /* [CP] Embed Pods Frameworks */ = {
			isa = PBXShellScriptBuildPhase;
			buildActionMask = 2147483647;
			files = (
			);
			inputFileListPaths = (
				"${PODS_ROOT}/Target Support Files/Pods-demo-ios/Pods-demo-ios-frameworks-${CONFIGURATION}-input-files.xcfilelist",
			);
			name = "[CP] Embed Pods Frameworks";
			outputFileListPaths = (
				"${PODS_ROOT}/Target Support Files/Pods-demo-ios/Pods-demo-ios-frameworks-${CONFIGURATION}-output-files.xcfilelist",
			);
			runOnlyForDeploymentPostprocessing = 0;
			shellPath = /bin/sh;
			shellScript = "\"${PODS_ROOT}/Target Support Files/Pods-demo-ios/Pods-demo-ios-frameworks.sh\"\n";
			showEnvVarsInLog = 0;
		};
/* End PBXShellScriptBuildPhase section */

/* Begin PBXSourcesBuildPhase section */
		C993A6E829C1D8ED00E2631D /* Sources */ = {
			isa = PBXSourcesBuildPhase;
			buildActionMask = 2147483647;
			files = (
				C98E162529C1DABF00054429 /* ThetaBleApi.swift in Sources */,
				C9CEC3B829ED350100EA12D5 /* CameraStatusView.swift in Sources */,
				C993A6F229C1D8ED00E2631D /* ContentView.swift in Sources */,
				C9717B552C042C8F002EA4CD /* WebApiUtil.swift in Sources */,
				C993A6F029C1D8ED00E2631D /* demo_iosApp.swift in Sources */,
				C9434D072AD63E8100FC7903 /* CameraControlCommandV2View.swift in Sources */,
			);
			runOnlyForDeploymentPostprocessing = 0;
		};
/* End PBXSourcesBuildPhase section */

/* Begin XCBuildConfiguration section */
		C993A6F829C1D8F000E2631D /* Debug */ = {
			isa = XCBuildConfiguration;
			buildSettings = {
				ALWAYS_SEARCH_USER_PATHS = NO;
				CLANG_ANALYZER_NONNULL = YES;
				CLANG_ANALYZER_NUMBER_OBJECT_CONVERSION = YES_AGGRESSIVE;
				CLANG_CXX_LANGUAGE_STANDARD = "gnu++20";
				CLANG_ENABLE_MODULES = YES;
				CLANG_ENABLE_OBJC_ARC = YES;
				CLANG_ENABLE_OBJC_WEAK = YES;
				CLANG_WARN_BLOCK_CAPTURE_AUTORELEASING = YES;
				CLANG_WARN_BOOL_CONVERSION = YES;
				CLANG_WARN_COMMA = YES;
				CLANG_WARN_CONSTANT_CONVERSION = YES;
				CLANG_WARN_DEPRECATED_OBJC_IMPLEMENTATIONS = YES;
				CLANG_WARN_DIRECT_OBJC_ISA_USAGE = YES_ERROR;
				CLANG_WARN_DOCUMENTATION_COMMENTS = YES;
				CLANG_WARN_EMPTY_BODY = YES;
				CLANG_WARN_ENUM_CONVERSION = YES;
				CLANG_WARN_INFINITE_RECURSION = YES;
				CLANG_WARN_INT_CONVERSION = YES;
				CLANG_WARN_NON_LITERAL_NULL_CONVERSION = YES;
				CLANG_WARN_OBJC_IMPLICIT_RETAIN_SELF = YES;
				CLANG_WARN_OBJC_LITERAL_CONVERSION = YES;
				CLANG_WARN_OBJC_ROOT_CLASS = YES_ERROR;
				CLANG_WARN_QUOTED_INCLUDE_IN_FRAMEWORK_HEADER = YES;
				CLANG_WARN_RANGE_LOOP_ANALYSIS = YES;
				CLANG_WARN_STRICT_PROTOTYPES = YES;
				CLANG_WARN_SUSPICIOUS_MOVE = YES;
				CLANG_WARN_UNGUARDED_AVAILABILITY = YES_AGGRESSIVE;
				CLANG_WARN_UNREACHABLE_CODE = YES;
				CLANG_WARN__DUPLICATE_METHOD_MATCH = YES;
				COPY_PHASE_STRIP = NO;
				DEBUG_INFORMATION_FORMAT = dwarf;
				ENABLE_STRICT_OBJC_MSGSEND = YES;
				ENABLE_TESTABILITY = YES;
				GCC_C_LANGUAGE_STANDARD = gnu11;
				GCC_DYNAMIC_NO_PIC = NO;
				GCC_NO_COMMON_BLOCKS = YES;
				GCC_OPTIMIZATION_LEVEL = 0;
				GCC_PREPROCESSOR_DEFINITIONS = (
					"DEBUG=1",
					"$(inherited)",
				);
				GCC_WARN_64_TO_32_BIT_CONVERSION = YES;
				GCC_WARN_ABOUT_RETURN_TYPE = YES_ERROR;
				GCC_WARN_UNDECLARED_SELECTOR = YES;
				GCC_WARN_UNINITIALIZED_AUTOS = YES_AGGRESSIVE;
				GCC_WARN_UNUSED_FUNCTION = YES;
				GCC_WARN_UNUSED_VARIABLE = YES;
				IPHONEOS_DEPLOYMENT_TARGET = 15.0;
				MTL_ENABLE_DEBUG_INFO = INCLUDE_SOURCE;
				MTL_FAST_MATH = YES;
				ONLY_ACTIVE_ARCH = YES;
				SDKROOT = iphoneos;
				SWIFT_ACTIVE_COMPILATION_CONDITIONS = DEBUG;
				SWIFT_OPTIMIZATION_LEVEL = "-Onone";
			};
			name = Debug;
		};
		C993A6F929C1D8F000E2631D /* Release */ = {
			isa = XCBuildConfiguration;
			buildSettings = {
				ALWAYS_SEARCH_USER_PATHS = NO;
				CLANG_ANALYZER_NONNULL = YES;
				CLANG_ANALYZER_NUMBER_OBJECT_CONVERSION = YES_AGGRESSIVE;
				CLANG_CXX_LANGUAGE_STANDARD = "gnu++20";
				CLANG_ENABLE_MODULES = YES;
				CLANG_ENABLE_OBJC_ARC = YES;
				CLANG_ENABLE_OBJC_WEAK = YES;
				CLANG_WARN_BLOCK_CAPTURE_AUTORELEASING = YES;
				CLANG_WARN_BOOL_CONVERSION = YES;
				CLANG_WARN_COMMA = YES;
				CLANG_WARN_CONSTANT_CONVERSION = YES;
				CLANG_WARN_DEPRECATED_OBJC_IMPLEMENTATIONS = YES;
				CLANG_WARN_DIRECT_OBJC_ISA_USAGE = YES_ERROR;
				CLANG_WARN_DOCUMENTATION_COMMENTS = YES;
				CLANG_WARN_EMPTY_BODY = YES;
				CLANG_WARN_ENUM_CONVERSION = YES;
				CLANG_WARN_INFINITE_RECURSION = YES;
				CLANG_WARN_INT_CONVERSION = YES;
				CLANG_WARN_NON_LITERAL_NULL_CONVERSION = YES;
				CLANG_WARN_OBJC_IMPLICIT_RETAIN_SELF = YES;
				CLANG_WARN_OBJC_LITERAL_CONVERSION = YES;
				CLANG_WARN_OBJC_ROOT_CLASS = YES_ERROR;
				CLANG_WARN_QUOTED_INCLUDE_IN_FRAMEWORK_HEADER = YES;
				CLANG_WARN_RANGE_LOOP_ANALYSIS = YES;
				CLANG_WARN_STRICT_PROTOTYPES = YES;
				CLANG_WARN_SUSPICIOUS_MOVE = YES;
				CLANG_WARN_UNGUARDED_AVAILABILITY = YES_AGGRESSIVE;
				CLANG_WARN_UNREACHABLE_CODE = YES;
				CLANG_WARN__DUPLICATE_METHOD_MATCH = YES;
				COPY_PHASE_STRIP = NO;
				DEBUG_INFORMATION_FORMAT = "dwarf-with-dsym";
				ENABLE_NS_ASSERTIONS = NO;
				ENABLE_STRICT_OBJC_MSGSEND = YES;
				GCC_C_LANGUAGE_STANDARD = gnu11;
				GCC_NO_COMMON_BLOCKS = YES;
				GCC_WARN_64_TO_32_BIT_CONVERSION = YES;
				GCC_WARN_ABOUT_RETURN_TYPE = YES_ERROR;
				GCC_WARN_UNDECLARED_SELECTOR = YES;
				GCC_WARN_UNINITIALIZED_AUTOS = YES_AGGRESSIVE;
				GCC_WARN_UNUSED_FUNCTION = YES;
				GCC_WARN_UNUSED_VARIABLE = YES;
				IPHONEOS_DEPLOYMENT_TARGET = 15.0;
				MTL_ENABLE_DEBUG_INFO = NO;
				MTL_FAST_MATH = YES;
				SDKROOT = iphoneos;
				SWIFT_COMPILATION_MODE = wholemodule;
				SWIFT_OPTIMIZATION_LEVEL = "-O";
				VALIDATE_PRODUCT = YES;
			};
			name = Release;
		};
		C993A6FB29C1D8F000E2631D /* Debug */ = {
			isa = XCBuildConfiguration;
			baseConfigurationReference = 44D1D28D01F452A8D0329EF8 /* Pods-demo-ios.debug.xcconfig */;
			buildSettings = {
				ASSETCATALOG_COMPILER_APPICON_NAME = AppIcon;
				ASSETCATALOG_COMPILER_GLOBAL_ACCENT_COLOR_NAME = AccentColor;
				CODE_SIGN_STYLE = Automatic;
				CURRENT_PROJECT_VERSION = 1;
				DEVELOPMENT_ASSET_PATHS = "\"demo-ios/Preview Content\"";
				DEVELOPMENT_TEAM = "";
				ENABLE_PREVIEWS = YES;
				GENERATE_INFOPLIST_FILE = YES;
				INFOPLIST_KEY_NSBluetoothAlwaysUsageDescription = "Use bluetooth";
				INFOPLIST_KEY_UIApplicationSceneManifest_Generation = YES;
				INFOPLIST_KEY_UIApplicationSupportsIndirectInputEvents = YES;
				INFOPLIST_KEY_UILaunchScreen_Generation = YES;
				INFOPLIST_KEY_UISupportedInterfaceOrientations_iPad = "UIInterfaceOrientationPortrait UIInterfaceOrientationPortraitUpsideDown UIInterfaceOrientationLandscapeLeft UIInterfaceOrientationLandscapeRight";
				INFOPLIST_KEY_UISupportedInterfaceOrientations_iPhone = "UIInterfaceOrientationPortrait UIInterfaceOrientationLandscapeLeft UIInterfaceOrientationLandscapeRight";
				LD_RUNPATH_SEARCH_PATHS = (
					"$(inherited)",
					"@executable_path/Frameworks",
				);
				MARKETING_VERSION = 1.0;
				PRODUCT_BUNDLE_IDENTIFIER = "com.ricoh360.thetableclient.demoBle.demo-ios";
				PRODUCT_NAME = "$(TARGET_NAME)";
				SUPPORTED_PLATFORMS = "iphoneos iphonesimulator";
				SUPPORTS_MACCATALYST = NO;
				SUPPORTS_MAC_DESIGNED_FOR_IPHONE_IPAD = NO;
				SWIFT_EMIT_LOC_STRINGS = YES;
				SWIFT_VERSION = 5.0;
				TARGETED_DEVICE_FAMILY = "1,2";
			};
			name = Debug;
		};
		C993A6FC29C1D8F000E2631D /* Release */ = {
			isa = XCBuildConfiguration;
			baseConfigurationReference = 5B617CB2EB69FF6F4ACAF615 /* Pods-demo-ios.release.xcconfig */;
			buildSettings = {
				ASSETCATALOG_COMPILER_APPICON_NAME = AppIcon;
				ASSETCATALOG_COMPILER_GLOBAL_ACCENT_COLOR_NAME = AccentColor;
				CODE_SIGN_STYLE = Automatic;
				CURRENT_PROJECT_VERSION = 1;
				DEVELOPMENT_ASSET_PATHS = "\"demo-ios/Preview Content\"";
				DEVELOPMENT_TEAM = "";
				ENABLE_PREVIEWS = YES;
				GENERATE_INFOPLIST_FILE = YES;
				INFOPLIST_KEY_NSBluetoothAlwaysUsageDescription = "Use bluetooth";
				INFOPLIST_KEY_UIApplicationSceneManifest_Generation = YES;
				INFOPLIST_KEY_UIApplicationSupportsIndirectInputEvents = YES;
				INFOPLIST_KEY_UILaunchScreen_Generation = YES;
				INFOPLIST_KEY_UISupportedInterfaceOrientations_iPad = "UIInterfaceOrientationPortrait UIInterfaceOrientationPortraitUpsideDown UIInterfaceOrientationLandscapeLeft UIInterfaceOrientationLandscapeRight";
				INFOPLIST_KEY_UISupportedInterfaceOrientations_iPhone = "UIInterfaceOrientationPortrait UIInterfaceOrientationLandscapeLeft UIInterfaceOrientationLandscapeRight";
				LD_RUNPATH_SEARCH_PATHS = (
					"$(inherited)",
					"@executable_path/Frameworks",
				);
				MARKETING_VERSION = 1.0;
				PRODUCT_BUNDLE_IDENTIFIER = "com.ricoh360.thetableclient.demoBle.demo-ios";
				PRODUCT_NAME = "$(TARGET_NAME)";
				SUPPORTED_PLATFORMS = "iphoneos iphonesimulator";
				SUPPORTS_MACCATALYST = NO;
				SUPPORTS_MAC_DESIGNED_FOR_IPHONE_IPAD = NO;
				SWIFT_EMIT_LOC_STRINGS = YES;
				SWIFT_VERSION = 5.0;
				TARGETED_DEVICE_FAMILY = "1,2";
			};
			name = Release;
		};
/* End XCBuildConfiguration section */

/* Begin XCConfigurationList section */
		C993A6E729C1D8ED00E2631D /* Build configuration list for PBXProject "demo-ios" */ = {
			isa = XCConfigurationList;
			buildConfigurations = (
				C993A6F829C1D8F000E2631D /* Debug */,
				C993A6F929C1D8F000E2631D /* Release */,
			);
			defaultConfigurationIsVisible = 0;
			defaultConfigurationName = Release;
		};
		C993A6FA29C1D8F000E2631D /* Build configuration list for PBXNativeTarget "demo-ios" */ = {
			isa = XCConfigurationList;
			buildConfigurations = (
				C993A6FB29C1D8F000E2631D /* Debug */,
				C993A6FC29C1D8F000E2631D /* Release */,
			);
			defaultConfigurationIsVisible = 0;
			defaultConfigurationName = Release;
		};
/* End XCConfigurationList section */
	};
	rootObject = C993A6E429C1D8ED00E2631D /* Project object */;
}
