// !$*UTF8*$!
{
	archiveVersion = 1;
	classes = {
	};
	objectVersion = 46;
	objects = {

/* Begin PBXBuildFile section */
		96C595CA2D11CB2800E55B91 /* OptionsConverter.swift in Sources */ = {isa = PBXBuildFile; fileRef = 96C595C92D11CB2800E55B91 /* OptionsConverter.swift */; };
		C989E1CE2AF86F7500877931 /* CameraInformationService.swift in Sources */ = {isa = PBXBuildFile; fileRef = C989E1CD2AF86F7500877931 /* CameraInformationService.swift */; };
		C989E1D02AF86FD800877931 /* CameraControlCommandsService.swift in Sources */ = {isa = PBXBuildFile; fileRef = C989E1CF2AF86FD800877931 /* CameraControlCommandsService.swift */; };
		C989E1D22AF86FFF00877931 /* CameraStatusCommandService.swift in Sources */ = {isa = PBXBuildFile; fileRef = C989E1D12AF86FFF00877931 /* CameraStatusCommandService.swift */; };
		C989E1D62AF8704C00877931 /* ShootingControlCommandService.swift in Sources */ = {isa = PBXBuildFile; fileRef = C989E1D52AF8704C00877931 /* ShootingControlCommandService.swift */; };
		C9EFA84C2AF394C000AA7A9E /* CameraControlCommandV2Service.swift in Sources */ = {isa = PBXBuildFile; fileRef = C9EFA84B2AF3949900AA7A9E /* CameraControlCommandV2Service.swift */; };
		C9EFA84D2AF394C600AA7A9E /* ThetaBleClientConvertObject.swift in Sources */ = {isa = PBXBuildFile; fileRef = C915F43029E7F37F00991361 /* ThetaBleClientConvertObject.swift */; };
		C9EFA84E2AF394CA00AA7A9E /* ThetaBleClientConvertEnum.swift in Sources */ = {isa = PBXBuildFile; fileRef = C984E27829C7DFCF00A178CA /* ThetaBleClientConvertEnum.swift */; };
		F4FF95D7245B92E800C19C63 /* ThetaBleClientReactNative.swift in Sources */ = {isa = PBXBuildFile; fileRef = F4FF95D6245B92E800C19C63 /* ThetaBleClientReactNative.swift */; };
/* End PBXBuildFile section */

/* Begin PBXCopyFilesBuildPhase section */
		58B511D91A9E6C8500147676 /* CopyFiles */ = {
			isa = PBXCopyFilesBuildPhase;
			buildActionMask = 2147483647;
			dstPath = "include/$(PRODUCT_NAME)";
			dstSubfolderSpec = 16;
			files = (
			);
			runOnlyForDeploymentPostprocessing = 0;
		};
/* End PBXCopyFilesBuildPhase section */

/* Begin PBXFileReference section */
		134814201AA4EA6300B7C361 /* libThetaBleClientReactNative.a */ = {isa = PBXFileReference; explicitFileType = archive.ar; includeInIndex = 0; path = libThetaBleClientReactNative.a; sourceTree = BUILT_PRODUCTS_DIR; };
		96C595C92D11CB2800E55B91 /* OptionsConverter.swift */ = {isa = PBXFileReference; lastKnownFileType = sourcecode.swift; path = OptionsConverter.swift; sourceTree = "<group>"; };
		B3E7B5891CC2AC0600A0062D /* ThetaBleClientReactNative.m */ = {isa = PBXFileReference; fileEncoding = 4; lastKnownFileType = sourcecode.c.objc; path = ThetaBleClientReactNative.m; sourceTree = "<group>"; };
		C915F43029E7F37F00991361 /* ThetaBleClientConvertObject.swift */ = {isa = PBXFileReference; lastKnownFileType = sourcecode.swift; path = ThetaBleClientConvertObject.swift; sourceTree = "<group>"; };
		C984E27829C7DFCF00A178CA /* ThetaBleClientConvertEnum.swift */ = {isa = PBXFileReference; lastKnownFileType = sourcecode.swift; path = ThetaBleClientConvertEnum.swift; sourceTree = "<group>"; };
		C989E1CD2AF86F7500877931 /* CameraInformationService.swift */ = {isa = PBXFileReference; lastKnownFileType = sourcecode.swift; path = CameraInformationService.swift; sourceTree = "<group>"; };
		C989E1CF2AF86FD800877931 /* CameraControlCommandsService.swift */ = {isa = PBXFileReference; lastKnownFileType = sourcecode.swift; path = CameraControlCommandsService.swift; sourceTree = "<group>"; };
		C989E1D12AF86FFF00877931 /* CameraStatusCommandService.swift */ = {isa = PBXFileReference; lastKnownFileType = sourcecode.swift; path = CameraStatusCommandService.swift; sourceTree = "<group>"; };
		C989E1D52AF8704C00877931 /* ShootingControlCommandService.swift */ = {isa = PBXFileReference; lastKnownFileType = sourcecode.swift; path = ShootingControlCommandService.swift; sourceTree = "<group>"; };
		C9EFA84B2AF3949900AA7A9E /* CameraControlCommandV2Service.swift */ = {isa = PBXFileReference; lastKnownFileType = sourcecode.swift; path = CameraControlCommandV2Service.swift; sourceTree = "<group>"; };
		F4FF95D5245B92E700C19C63 /* ThetaBleClientReactNative-Bridging-Header.h */ = {isa = PBXFileReference; lastKnownFileType = sourcecode.c.h; path = "ThetaBleClientReactNative-Bridging-Header.h"; sourceTree = "<group>"; };
		F4FF95D6245B92E800C19C63 /* ThetaBleClientReactNative.swift */ = {isa = PBXFileReference; lastKnownFileType = sourcecode.swift; path = ThetaBleClientReactNative.swift; sourceTree = "<group>"; };
/* End PBXFileReference section */

/* Begin PBXFrameworksBuildPhase section */
		58B511D81A9E6C8500147676 /* Frameworks */ = {
			isa = PBXFrameworksBuildPhase;
			buildActionMask = 2147483647;
			files = (
			);
			runOnlyForDeploymentPostprocessing = 0;
		};
/* End PBXFrameworksBuildPhase section */

/* Begin PBXGroup section */
		134814211AA4EA7D00B7C361 /* Products */ = {
			isa = PBXGroup;
			children = (
				134814201AA4EA6300B7C361 /* libThetaBleClientReactNative.a */,
			);
			name = Products;
			sourceTree = "<group>";
		};
		58B511D21A9E6C8500147676 = {
			isa = PBXGroup;
			children = (
				96C595C92D11CB2800E55B91 /* OptionsConverter.swift */,
				C989E1CF2AF86FD800877931 /* CameraControlCommandsService.swift */,
				C9EFA84B2AF3949900AA7A9E /* CameraControlCommandV2Service.swift */,
				C989E1CD2AF86F7500877931 /* CameraInformationService.swift */,
				C989E1D12AF86FFF00877931 /* CameraStatusCommandService.swift */,
				C989E1D52AF8704C00877931 /* ShootingControlCommandService.swift */,
				C984E27829C7DFCF00A178CA /* ThetaBleClientConvertEnum.swift */,
				C915F43029E7F37F00991361 /* ThetaBleClientConvertObject.swift */,
				F4FF95D5245B92E700C19C63 /* ThetaBleClientReactNative-Bridging-Header.h */,
				B3E7B5891CC2AC0600A0062D /* ThetaBleClientReactNative.m */,
				F4FF95D6245B92E800C19C63 /* ThetaBleClientReactNative.swift */,
				134814211AA4EA7D00B7C361 /* Products */,
			);
			sourceTree = "<group>";
		};
/* End PBXGroup section */

/* Begin PBXNativeTarget section */
		58B511DA1A9E6C8500147676 /* ThetaBleClientReactNative */ = {
			isa = PBXNativeTarget;
			buildConfigurationList = 58B511EF1A9E6C8500147676 /* Build configuration list for PBXNativeTarget "ThetaBleClientReactNative" */;
			buildPhases = (
				58B511D71A9E6C8500147676 /* Sources */,
				58B511D81A9E6C8500147676 /* Frameworks */,
				58B511D91A9E6C8500147676 /* CopyFiles */,
			);
			buildRules = (
			);
			dependencies = (
			);
			name = ThetaBleClientReactNative;
			productName = RCTDataManager;
			productReference = 134814201AA4EA6300B7C361 /* libThetaBleClientReactNative.a */;
			productType = "com.apple.product-type.library.static";
		};
/* End PBXNativeTarget section */

/* Begin PBXProject section */
		58B511D31A9E6C8500147676 /* Project object */ = {
			isa = PBXProject;
			attributes = {
				LastUpgradeCheck = 0920;
				ORGANIZATIONNAME = Facebook;
				TargetAttributes = {
					58B511DA1A9E6C8500147676 = {
						CreatedOnToolsVersion = 6.1.1;
					};
				};
			};
			buildConfigurationList = 58B511D61A9E6C8500147676 /* Build configuration list for PBXProject "ThetaBleClientReactNative" */;
			compatibilityVersion = "Xcode 3.2";
			developmentRegion = English;
			hasScannedForEncodings = 0;
			knownRegions = (
				English,
				en,
			);
			mainGroup = 58B511D21A9E6C8500147676;
			productRefGroup = 58B511D21A9E6C8500147676;
			projectDirPath = "";
			projectRoot = "";
			targets = (
				58B511DA1A9E6C8500147676 /* ThetaBleClientReactNative */,
			);
		};
/* End PBXProject section */

/* Begin PBXSourcesBuildPhase section */
		58B511D71A9E6C8500147676 /* Sources */ = {
			isa = PBXSourcesBuildPhase;
			buildActionMask = 2147483647;
			files = (
				C9EFA84E2AF394CA00AA7A9E /* ThetaBleClientConvertEnum.swift in Sources */,
				C989E1CE2AF86F7500877931 /* CameraInformationService.swift in Sources */,
				C989E1D62AF8704C00877931 /* ShootingControlCommandService.swift in Sources */,
				C9EFA84D2AF394C600AA7A9E /* ThetaBleClientConvertObject.swift in Sources */,
				96C595CA2D11CB2800E55B91 /* OptionsConverter.swift in Sources */,
				C9EFA84C2AF394C000AA7A9E /* CameraControlCommandV2Service.swift in Sources */,
				C989E1D02AF86FD800877931 /* CameraControlCommandsService.swift in Sources */,
				C989E1D22AF86FFF00877931 /* CameraStatusCommandService.swift in Sources */,
				F4FF95D7245B92E800C19C63 /* ThetaBleClientReactNative.swift in Sources */,
			);
			runOnlyForDeploymentPostprocessing = 0;
		};
/* End PBXSourcesBuildPhase section */

/* Begin XCBuildConfiguration section */
		58B511ED1A9E6C8500147676 /* Debug */ = {
			isa = XCBuildConfiguration;
			buildSettings = {
				ALWAYS_SEARCH_USER_PATHS = NO;
				CLANG_CXX_LANGUAGE_STANDARD = "gnu++0x";
				CLANG_CXX_LIBRARY = "libc++";
				CLANG_ENABLE_MODULES = YES;
				CLANG_ENABLE_OBJC_ARC = YES;
				CLANG_WARN_BLOCK_CAPTURE_AUTORELEASING = YES;
				CLANG_WARN_BOOL_CONVERSION = YES;
				CLANG_WARN_COMMA = YES;
				CLANG_WARN_CONSTANT_CONVERSION = YES;
				CLANG_WARN_DIRECT_OBJC_ISA_USAGE = YES_ERROR;
				CLANG_WARN_EMPTY_BODY = YES;
				CLANG_WARN_ENUM_CONVERSION = YES;
				CLANG_WARN_INFINITE_RECURSION = YES;
				CLANG_WARN_INT_CONVERSION = YES;
				CLANG_WARN_NON_LITERAL_NULL_CONVERSION = YES;
				CLANG_WARN_OBJC_LITERAL_CONVERSION = YES;
				CLANG_WARN_OBJC_ROOT_CLASS = YES_ERROR;
				CLANG_WARN_RANGE_LOOP_ANALYSIS = YES;
				CLANG_WARN_STRICT_PROTOTYPES = YES;
				CLANG_WARN_SUSPICIOUS_MOVE = YES;
				CLANG_WARN_UNREACHABLE_CODE = YES;
				CLANG_WARN__DUPLICATE_METHOD_MATCH = YES;
				COPY_PHASE_STRIP = NO;
				ENABLE_STRICT_OBJC_MSGSEND = YES;
				ENABLE_TESTABILITY = YES;
				"EXCLUDED_ARCHS[sdk=*]" = arm64;
				GCC_C_LANGUAGE_STANDARD = gnu99;
				GCC_DYNAMIC_NO_PIC = NO;
				GCC_NO_COMMON_BLOCKS = YES;
				GCC_OPTIMIZATION_LEVEL = 0;
				GCC_PREPROCESSOR_DEFINITIONS = (
					"DEBUG=1",
					"$(inherited)",
				);
				GCC_SYMBOLS_PRIVATE_EXTERN = NO;
				GCC_WARN_64_TO_32_BIT_CONVERSION = YES;
				GCC_WARN_ABOUT_RETURN_TYPE = YES_ERROR;
				GCC_WARN_UNDECLARED_SELECTOR = YES;
				GCC_WARN_UNINITIALIZED_AUTOS = YES_AGGRESSIVE;
				GCC_WARN_UNUSED_FUNCTION = YES;
				GCC_WARN_UNUSED_VARIABLE = YES;
				IPHONEOS_DEPLOYMENT_TARGET = 8.0;
				MTL_ENABLE_DEBUG_INFO = YES;
				ONLY_ACTIVE_ARCH = YES;
				SDKROOT = iphoneos;
			};
			name = Debug;
		};
		58B511EE1A9E6C8500147676 /* Release */ = {
			isa = XCBuildConfiguration;
			buildSettings = {
				ALWAYS_SEARCH_USER_PATHS = NO;
				CLANG_CXX_LANGUAGE_STANDARD = "gnu++0x";
				CLANG_CXX_LIBRARY = "libc++";
				CLANG_ENABLE_MODULES = YES;
				CLANG_ENABLE_OBJC_ARC = YES;
				CLANG_WARN_BLOCK_CAPTURE_AUTORELEASING = YES;
				CLANG_WARN_BOOL_CONVERSION = YES;
				CLANG_WARN_COMMA = YES;
				CLANG_WARN_CONSTANT_CONVERSION = YES;
				CLANG_WARN_DIRECT_OBJC_ISA_USAGE = YES_ERROR;
				CLANG_WARN_EMPTY_BODY = YES;
				CLANG_WARN_ENUM_CONVERSION = YES;
				CLANG_WARN_INFINITE_RECURSION = YES;
				CLANG_WARN_INT_CONVERSION = YES;
				CLANG_WARN_NON_LITERAL_NULL_CONVERSION = YES;
				CLANG_WARN_OBJC_LITERAL_CONVERSION = YES;
				CLANG_WARN_OBJC_ROOT_CLASS = YES_ERROR;
				CLANG_WARN_RANGE_LOOP_ANALYSIS = YES;
				CLANG_WARN_STRICT_PROTOTYPES = YES;
				CLANG_WARN_SUSPICIOUS_MOVE = YES;
				CLANG_WARN_UNREACHABLE_CODE = YES;
				CLANG_WARN__DUPLICATE_METHOD_MATCH = YES;
				COPY_PHASE_STRIP = YES;
				ENABLE_NS_ASSERTIONS = NO;
				ENABLE_STRICT_OBJC_MSGSEND = YES;
				"EXCLUDED_ARCHS[sdk=*]" = arm64;
				GCC_C_LANGUAGE_STANDARD = gnu99;
				GCC_NO_COMMON_BLOCKS = YES;
				GCC_WARN_64_TO_32_BIT_CONVERSION = YES;
				GCC_WARN_ABOUT_RETURN_TYPE = YES_ERROR;
				GCC_WARN_UNDECLARED_SELECTOR = YES;
				GCC_WARN_UNINITIALIZED_AUTOS = YES_AGGRESSIVE;
				GCC_WARN_UNUSED_FUNCTION = YES;
				GCC_WARN_UNUSED_VARIABLE = YES;
				IPHONEOS_DEPLOYMENT_TARGET = 8.0;
				MTL_ENABLE_DEBUG_INFO = NO;
				SDKROOT = iphoneos;
				VALIDATE_PRODUCT = YES;
			};
			name = Release;
		};
		58B511F01A9E6C8500147676 /* Debug */ = {
			isa = XCBuildConfiguration;
			buildSettings = {
				HEADER_SEARCH_PATHS = (
					"$(inherited)",
					/Applications/Xcode.app/Contents/Developer/Toolchains/XcodeDefault.xctoolchain/usr/include,
					"$(SRCROOT)/../../../React/**",
					"$(SRCROOT)/../../react-native/React/**",
				);
				LIBRARY_SEARCH_PATHS = "$(inherited)";
				OTHER_LDFLAGS = "-ObjC";
				PRODUCT_NAME = ThetaBleClientReactNative;
				SKIP_INSTALL = YES;
				SWIFT_OBJC_BRIDGING_HEADER = "ThetaBleClientReactNative-Bridging-Header.h";
				SWIFT_OPTIMIZATION_LEVEL = "-Onone";
				SWIFT_VERSION = 5.0;
			};
			name = Debug;
		};
		58B511F11A9E6C8500147676 /* Release */ = {
			isa = XCBuildConfiguration;
			buildSettings = {
				HEADER_SEARCH_PATHS = (
					"$(inherited)",
					/Applications/Xcode.app/Contents/Developer/Toolchains/XcodeDefault.xctoolchain/usr/include,
					"$(SRCROOT)/../../../React/**",
					"$(SRCROOT)/../../react-native/React/**",
				);
				LIBRARY_SEARCH_PATHS = "$(inherited)";
				OTHER_LDFLAGS = "-ObjC";
				PRODUCT_NAME = ThetaBleClientReactNative;
				SKIP_INSTALL = YES;
				SWIFT_OBJC_BRIDGING_HEADER = "ThetaBleClientReactNative-Bridging-Header.h";
				SWIFT_VERSION = 5.0;
			};
			name = Release;
		};
/* End XCBuildConfiguration section */

/* Begin XCConfigurationList section */
		58B511D61A9E6C8500147676 /* Build configuration list for PBXProject "ThetaBleClientReactNative" */ = {
			isa = XCConfigurationList;
			buildConfigurations = (
				58B511ED1A9E6C8500147676 /* Debug */,
				58B511EE1A9E6C8500147676 /* Release */,
			);
			defaultConfigurationIsVisible = 0;
			defaultConfigurationName = Release;
		};
		58B511EF1A9E6C8500147676 /* Build configuration list for PBXNativeTarget "ThetaBleClientReactNative" */ = {
			isa = XCConfigurationList;
			buildConfigurations = (
				58B511F01A9E6C8500147676 /* Debug */,
				58B511F11A9E6C8500147676 /* Release */,
			);
			defaultConfigurationIsVisible = 0;
			defaultConfigurationName = Release;
		};
/* End XCConfigurationList section */
	};
	rootObject = 58B511D31A9E6C8500147676 /* Project object */;
}
